
Microsoft Visual Studio Solution File, Format Version 12.00
# Visual Studio Version 16
VisualStudioVersion = 16.0.30907.101
MinimumVisualStudioVersion = 10.0.40219.1
Project("{E24C65DC-7377-472B-9ABA-BC803B73C61A}") = "bjf5201", ".", "{B8620A88-EA97-4477-A94C-E0B25186A8DE}"
	ProjectSection(WebsiteProperties) = preProject
		TargetFrameworkMoniker = ".NETFramework,Version%3Dv4.0"
		Debug.AspNetCompiler.VirtualPath = "/localhost_58514"
		Debug.AspNetCompiler.PhysicalPath = "..\bjf5201\"
		Debug.AspNetCompiler.TargetPath = "PrecompiledWeb\localhost_58514\"
		Debug.AspNetCompiler.Updateable = "true"
		Debug.AspNetCompiler.ForceOverwrite = "true"
		Debug.AspNetCompiler.FixedNames = "false"
		Debug.AspNetCompiler.Debug = "True"
		Release.AspNetCompiler.VirtualPath = "/localhost_58514"
		Release.AspNetCompiler.PhysicalPath = "..\bjf5201\"
		Release.AspNetCompiler.TargetPath = "PrecompiledWeb\localhost_58514\"
		Release.AspNetCompiler.Updateable = "true"
		Release.AspNetCompiler.ForceOverwrite = "true"
		Release.AspNetCompiler.FixedNames = "false"
		Release.AspNetCompiler.Debug = "False"
		VWDPort = "58514"
		SlnRelativePath = "..\bjf5201\"
	EndProjectSection
EndProject
Global
	GlobalSection(SolutionConfigurationPlatforms) = preSolution
		Debug|Any CPU = Debug|Any CPU
	EndGlobalSection
	GlobalSection(ProjectConfigurationPlatforms) = postSolution
		{B8620A88-EA97-4477-A94C-E0B25186A8DE}.Debug|Any CPU.ActiveCfg = Debug|Any CPU
		{B8620A88-EA97-4477-A94C-E0B25186A8DE}.Debug|Any CPU.Build.0 = Debug|Any CPU
	EndGlobalSection
	GlobalSection(SolutionProperties) = preSolution
		HideSolutionNode = FALSE
	EndGlobalSection
	GlobalSection(ExtensibilityGlobals) = postSolution
		SolutionGuid = {94BB3FED-71F3-4128-93EA-DD29F73607BA}
	EndGlobalSection
EndGlobal
